
Microsoft Visual Studio Solution File, Format Version 12.00
# Visual Studio Version 17
VisualStudioVersion = 17.13.35818.85 d17.13
MinimumVisualStudioVersion = 10.0.40219.1
Project("{FAE04EC0-301F-11D3-BF4B-00C04F79EFBC}") = "EFCore-2", "EFCore-2\EFCore-2.csproj", "{ABF57367-018D-43DA-ACAF-9CF7B12CC47E}"
EndProject
Global
	GlobalSection(SolutionConfigurationPlatforms) = preSolution
		Debug|Any CPU = Debug|Any CPU
		Release|Any CPU = Release|Any CPU
	EndGlobalSection
	GlobalSection(ProjectConfigurationPlatforms) = postSolution
		{ABF57367-018D-43DA-ACAF-9CF7B12CC47E}.Debug|Any CPU.ActiveCfg = Debug|Any CPU
		{ABF57367-018D-43DA-ACAF-9CF7B12CC47E}.Debug|Any CPU.Build.0 = Debug|Any CPU
		{ABF57367-018D-43DA-ACAF-9CF7B12CC47E}.Release|Any CPU.ActiveCfg = Release|Any CPU
		{ABF57367-018D-43DA-ACAF-9CF7B12CC47E}.Release|Any CPU.Build.0 = Release|Any CPU
	EndGlobalSection
	GlobalSection(SolutionProperties) = preSolution
		HideSolutionNode = FALSE
	EndGlobalSection
	GlobalSection(ExtensibilityGlobals) = postSolution
		SolutionGuid = {61C4665E-935A-4722-BAE8-F88E0130D087}
	EndGlobalSection
EndGlobal
